// !$*UTF8*$!
{
	archiveVersion = 1;
	classes = {
	};
	objectVersion = 56;
	objects = {

/* Begin PBXBuildFile section */
		BF5AD9642BF539B6002E37F8 /* AppDelegate.swift in Sources */ = {isa = PBXBuildFile; fileRef = BF5AD9632BF539B6002E37F8 /* AppDelegate.swift */; };
		BF5AD9662BF539B6002E37F8 /* SceneDelegate.swift in Sources */ = {isa = PBXBuildFile; fileRef = BF5AD9652BF539B6002E37F8 /* SceneDelegate.swift */; };
		BF5AD9682BF539B6002E37F8 /* ViewController.swift in Sources */ = {isa = PBXBuildFile; fileRef = BF5AD9672BF539B6002E37F8 /* ViewController.swift */; };
		BF5AD96B2BF539B6002E37F8 /* Base in Resources */ = {isa = PBXBuildFile; fileRef = BF5AD96A2BF539B6002E37F8 /* Base */; };
		BF5AD96D2BF539B8002E37F8 /* Assets.xcassets in Resources */ = {isa = PBXBuildFile; fileRef = BF5AD96C2BF539B8002E37F8 /* Assets.xcassets */; };
		BF5AD9702BF539B8002E37F8 /* Base in Resources */ = {isa = PBXBuildFile; fileRef = BF5AD96F2BF539B8002E37F8 /* Base */; };
		BF606B8E2C0E728A00ADE290 /* PlacesService.swift in Sources */ = {isa = PBXBuildFile; fileRef = BF606B8D2C0E728A00ADE290 /* PlacesService.swift */; };
		BFED4E8B2BFCE4C7008D8CCF /* PlaceTableViewCell.swift in Sources */ = {isa = PBXBuildFile; fileRef = BFED4E892BFCE4C7008D8CCF /* PlaceTableViewCell.swift */; };
		BFED4E8C2BFCE4C7008D8CCF /* PlaceTableViewCell.xib in Resources */ = {isa = PBXBuildFile; fileRef = BFED4E8A2BFCE4C7008D8CCF /* PlaceTableViewCell.xib */; };
		BFED4E8E2BFD1977008D8CCF /* MapViewController.swift in Sources */ = {isa = PBXBuildFile; fileRef = BFED4E8D2BFD1977008D8CCF /* MapViewController.swift */; };
		BFED4E902BFD199A008D8CCF /* DetailViewController.swift in Sources */ = {isa = PBXBuildFile; fileRef = BFED4E8F2BFD199A008D8CCF /* DetailViewController.swift */; };
		BFED4E922BFD219F008D8CCF /* GooglePlacesPrivacy.bundle in Resources */ = {isa = PBXBuildFile; fileRef = BFED4E912BFD219F008D8CCF /* GooglePlacesPrivacy.bundle */; };
		BFED4E952BFD21CC008D8CCF /* GooglePlaces in Frameworks */ = {isa = PBXBuildFile; productRef = BFED4E942BFD21CC008D8CCF /* GooglePlaces */; };
		BFED4E982BFF0BAD008D8CCF /* Place.swift in Sources */ = {isa = PBXBuildFile; fileRef = BFED4E972BFF0BAD008D8CCF /* Place.swift */; };
/* End PBXBuildFile section */

/* Begin PBXFileReference section */
		BF5AD9602BF539B6002E37F8 /* AirCafe.app */ = {isa = PBXFileReference; explicitFileType = wrapper.application; includeInIndex = 0; path = AirCafe.app; sourceTree = BUILT_PRODUCTS_DIR; };
		BF5AD9632BF539B6002E37F8 /* AppDelegate.swift */ = {isa = PBXFileReference; lastKnownFileType = sourcecode.swift; path = AppDelegate.swift; sourceTree = "<group>"; };
		BF5AD9652BF539B6002E37F8 /* SceneDelegate.swift */ = {isa = PBXFileReference; lastKnownFileType = sourcecode.swift; path = SceneDelegate.swift; sourceTree = "<group>"; };
		BF5AD9672BF539B6002E37F8 /* ViewController.swift */ = {isa = PBXFileReference; lastKnownFileType = sourcecode.swift; path = ViewController.swift; sourceTree = "<group>"; };
		BF5AD96A2BF539B6002E37F8 /* Base */ = {isa = PBXFileReference; lastKnownFileType = file.storyboard; name = Base; path = Base.lproj/Main.storyboard; sourceTree = "<group>"; };
		BF5AD96C2BF539B8002E37F8 /* Assets.xcassets */ = {isa = PBXFileReference; lastKnownFileType = folder.assetcatalog; path = Assets.xcassets; sourceTree = "<group>"; };
		BF5AD96F2BF539B8002E37F8 /* Base */ = {isa = PBXFileReference; lastKnownFileType = file.storyboard; name = Base; path = Base.lproj/LaunchScreen.storyboard; sourceTree = "<group>"; };
		BF5AD9712BF539B8002E37F8 /* Info.plist */ = {isa = PBXFileReference; lastKnownFileType = text.plist.xml; path = Info.plist; sourceTree = "<group>"; };
		BF606B8D2C0E728A00ADE290 /* PlacesService.swift */ = {isa = PBXFileReference; lastKnownFileType = sourcecode.swift; path = PlacesService.swift; sourceTree = "<group>"; };
		BFED4E892BFCE4C7008D8CCF /* PlaceTableViewCell.swift */ = {isa = PBXFileReference; lastKnownFileType = sourcecode.swift; path = PlaceTableViewCell.swift; sourceTree = "<group>"; };
		BFED4E8A2BFCE4C7008D8CCF /* PlaceTableViewCell.xib */ = {isa = PBXFileReference; lastKnownFileType = file.xib; path = PlaceTableViewCell.xib; sourceTree = "<group>"; };
		BFED4E8D2BFD1977008D8CCF /* MapViewController.swift */ = {isa = PBXFileReference; lastKnownFileType = sourcecode.swift; path = MapViewController.swift; sourceTree = "<group>"; };
		BFED4E8F2BFD199A008D8CCF /* DetailViewController.swift */ = {isa = PBXFileReference; lastKnownFileType = sourcecode.swift; path = DetailViewController.swift; sourceTree = "<group>"; };
		BFED4E912BFD219F008D8CCF /* GooglePlacesPrivacy.bundle */ = {isa = PBXFileReference; lastKnownFileType = "wrapper.plug-in"; path = GooglePlacesPrivacy.bundle; sourceTree = "<group>"; };
		BFED4E972BFF0BAD008D8CCF /* Place.swift */ = {isa = PBXFileReference; lastKnownFileType = sourcecode.swift; path = Place.swift; sourceTree = "<group>"; };
/* End PBXFileReference section */

/* Begin PBXFrameworksBuildPhase section */
		BF5AD95D2BF539B5002E37F8 /* Frameworks */ = {
			isa = PBXFrameworksBuildPhase;
			buildActionMask = 2147483647;
			files = (
				BFED4E952BFD21CC008D8CCF /* GooglePlaces in Frameworks */,
			);
			runOnlyForDeploymentPostprocessing = 0;
		};
/* End PBXFrameworksBuildPhase section */

/* Begin PBXGroup section */
		BF5AD9572BF539B5002E37F8 = {
			isa = PBXGroup;
			children = (
				BFED4E912BFD219F008D8CCF /* GooglePlacesPrivacy.bundle */,
				BF5AD9622BF539B6002E37F8 /* AirCafe */,
				BF5AD9612BF539B6002E37F8 /* Products */,
			);
			sourceTree = "<group>";
		};
		BF5AD9612BF539B6002E37F8 /* Products */ = {
			isa = PBXGroup;
			children = (
				BF5AD9602BF539B6002E37F8 /* AirCafe.app */,
			);
			name = Products;
			sourceTree = "<group>";
		};
		BF5AD9622BF539B6002E37F8 /* AirCafe */ = {
			isa = PBXGroup;
			children = (
				BFED4E962BFF0B92008D8CCF /* Models */,
				BF5AD9632BF539B6002E37F8 /* AppDelegate.swift */,
				BF5AD9652BF539B6002E37F8 /* SceneDelegate.swift */,
				BF5AD9672BF539B6002E37F8 /* ViewController.swift */,
				BF5AD9692BF539B6002E37F8 /* Main.storyboard */,
				BF5AD96C2BF539B8002E37F8 /* Assets.xcassets */,
				BF5AD96E2BF539B8002E37F8 /* LaunchScreen.storyboard */,
				BF5AD9712BF539B8002E37F8 /* Info.plist */,
				BFED4E892BFCE4C7008D8CCF /* PlaceTableViewCell.swift */,
				BFED4E8A2BFCE4C7008D8CCF /* PlaceTableViewCell.xib */,
				BFED4E8D2BFD1977008D8CCF /* MapViewController.swift */,
				BFED4E8F2BFD199A008D8CCF /* DetailViewController.swift */,
			);
			path = AirCafe;
			sourceTree = "<group>";
		};
		BFED4E962BFF0B92008D8CCF /* Models */ = {
			isa = PBXGroup;
			children = (
				BFED4E972BFF0BAD008D8CCF /* Place.swift */,
				BF606B8D2C0E728A00ADE290 /* PlacesService.swift */,
			);
			path = Models;
			sourceTree = "<group>";
		};
/* End PBXGroup section */

/* Begin PBXNativeTarget section */
		BF5AD95F2BF539B5002E37F8 /* AirCafe */ = {
			isa = PBXNativeTarget;
			buildConfigurationList = BF5AD9742BF539B8002E37F8 /* Build configuration list for PBXNativeTarget "AirCafe" */;
			buildPhases = (
				BF5AD95C2BF539B5002E37F8 /* Sources */,
				BF5AD95D2BF539B5002E37F8 /* Frameworks */,
				BF5AD95E2BF539B5002E37F8 /* Resources */,
			);
			buildRules = (
			);
			dependencies = (
			);
			name = AirCafe;
			packageProductDependencies = (
				BFED4E942BFD21CC008D8CCF /* GooglePlaces */,
			);
			productName = AirCafe;
			productReference = BF5AD9602BF539B6002E37F8 /* AirCafe.app */;
			productType = "com.apple.product-type.application";
		};
/* End PBXNativeTarget section */

/* Begin PBXProject section */
		BF5AD9582BF539B5002E37F8 /* Project object */ = {
			isa = PBXProject;
			attributes = {
				BuildIndependentTargetsInParallel = 1;
				LastSwiftUpdateCheck = 1530;
				LastUpgradeCheck = 1530;
				TargetAttributes = {
					BF5AD95F2BF539B5002E37F8 = {
						CreatedOnToolsVersion = 15.3;
					};
				};
			};
			buildConfigurationList = BF5AD95B2BF539B5002E37F8 /* Build configuration list for PBXProject "AirCafe" */;
			compatibilityVersion = "Xcode 14.0";
			developmentRegion = en;
			hasScannedForEncodings = 0;
			knownRegions = (
				en,
				Base,
			);
			mainGroup = BF5AD9572BF539B5002E37F8;
			packageReferences = (
				BFED4E932BFD21CC008D8CCF /* XCRemoteSwiftPackageReference "ios-places-sdk" */,
			);
			productRefGroup = BF5AD9612BF539B6002E37F8 /* Products */;
			projectDirPath = "";
			projectRoot = "";
			targets = (
				BF5AD95F2BF539B5002E37F8 /* AirCafe */,
			);
		};
/* End PBXProject section */

/* Begin PBXResourcesBuildPhase section */
		BF5AD95E2BF539B5002E37F8 /* Resources */ = {
			isa = PBXResourcesBuildPhase;
			buildActionMask = 2147483647;
			files = (
				BF5AD96D2BF539B8002E37F8 /* Assets.xcassets in Resources */,
				BF5AD9702BF539B8002E37F8 /* Base in Resources */,
				BF5AD96B2BF539B6002E37F8 /* Base in Resources */,
				BFED4E922BFD219F008D8CCF /* GooglePlacesPrivacy.bundle in Resources */,
				BFED4E8C2BFCE4C7008D8CCF /* PlaceTableViewCell.xib in Resources */,
			);
			runOnlyForDeploymentPostprocessing = 0;
		};
/* End PBXResourcesBuildPhase section */

/* Begin PBXSourcesBuildPhase section */
		BF5AD95C2BF539B5002E37F8 /* Sources */ = {
			isa = PBXSourcesBuildPhase;
			buildActionMask = 2147483647;
			files = (
				BF5AD9682BF539B6002E37F8 /* ViewController.swift in Sources */,
				BF5AD9642BF539B6002E37F8 /* AppDelegate.swift in Sources */,
				BF5AD9662BF539B6002E37F8 /* SceneDelegate.swift in Sources */,
				BFED4E902BFD199A008D8CCF /* DetailViewController.swift in Sources */,
				BFED4E8E2BFD1977008D8CCF /* MapViewController.swift in Sources */,
				BFED4E982BFF0BAD008D8CCF /* Place.swift in Sources */,
				BFED4E8B2BFCE4C7008D8CCF /* PlaceTableViewCell.swift in Sources */,
				BF606B8E2C0E728A00ADE290 /* PlacesService.swift in Sources */,
			);
			runOnlyForDeploymentPostprocessing = 0;
		};
/* End PBXSourcesBuildPhase section */

/* Begin PBXVariantGroup section */
		BF5AD9692BF539B6002E37F8 /* Main.storyboard */ = {
			isa = PBXVariantGroup;
			children = (
				BF5AD96A2BF539B6002E37F8 /* Base */,
			);
			name = Main.storyboard;
			sourceTree = "<group>";
		};
		BF5AD96E2BF539B8002E37F8 /* LaunchScreen.storyboard */ = {
			isa = PBXVariantGroup;
			children = (
				BF5AD96F2BF539B8002E37F8 /* Base */,
			);
			name = LaunchScreen.storyboard;
			sourceTree = "<group>";
		};
/* End PBXVariantGroup section */

/* Begin XCBuildConfiguration section */
		BF5AD9722BF539B8002E37F8 /* Debug */ = {
			isa = XCBuildConfiguration;
			buildSettings = {
				ALWAYS_SEARCH_USER_PATHS = NO;
				ASSETCATALOG_COMPILER_GENERATE_SWIFT_ASSET_SYMBOL_EXTENSIONS = YES;
				CLANG_ANALYZER_NONNULL = YES;
				CLANG_ANALYZER_NUMBER_OBJECT_CONVERSION = YES_AGGRESSIVE;
				CLANG_CXX_LANGUAGE_STANDARD = "gnu++20";
				CLANG_ENABLE_MODULES = YES;
				CLANG_ENABLE_OBJC_ARC = YES;
				CLANG_ENABLE_OBJC_WEAK = YES;
				CLANG_WARN_BLOCK_CAPTURE_AUTORELEASING = YES;
				CLANG_WARN_BOOL_CONVERSION = YES;
				CLANG_WARN_COMMA = YES;
				CLANG_WARN_CONSTANT_CONVERSION = YES;
				CLANG_WARN_DEPRECATED_OBJC_IMPLEMENTATIONS = YES;
				CLANG_WARN_DIRECT_OBJC_ISA_USAGE = YES_ERROR;
				CLANG_WARN_DOCUMENTATION_COMMENTS = YES;
				CLANG_WARN_EMPTY_BODY = YES;
				CLANG_WARN_ENUM_CONVERSION = YES;
				CLANG_WARN_INFINITE_RECURSION = YES;
				CLANG_WARN_INT_CONVERSION = YES;
				CLANG_WARN_NON_LITERAL_NULL_CONVERSION = YES;
				CLANG_WARN_OBJC_IMPLICIT_RETAIN_SELF = YES;
				CLANG_WARN_OBJC_LITERAL_CONVERSION = YES;
				CLANG_WARN_OBJC_ROOT_CLASS = YES_ERROR;
				CLANG_WARN_QUOTED_INCLUDE_IN_FRAMEWORK_HEADER = YES;
				CLANG_WARN_RANGE_LOOP_ANALYSIS = YES;
				CLANG_WARN_STRICT_PROTOTYPES = YES;
				CLANG_WARN_SUSPICIOUS_MOVE = YES;
				CLANG_WARN_UNGUARDED_AVAILABILITY = YES_AGGRESSIVE;
				CLANG_WARN_UNREACHABLE_CODE = YES;
				CLANG_WARN__DUPLICATE_METHOD_MATCH = YES;
				COPY_PHASE_STRIP = NO;
				DEBUG_INFORMATION_FORMAT = dwarf;
				ENABLE_STRICT_OBJC_MSGSEND = YES;
				ENABLE_TESTABILITY = YES;
				ENABLE_USER_SCRIPT_SANDBOXING = YES;
				GCC_C_LANGUAGE_STANDARD = gnu17;
				GCC_DYNAMIC_NO_PIC = NO;
				GCC_NO_COMMON_BLOCKS = YES;
				GCC_OPTIMIZATION_LEVEL = 0;
				GCC_PREPROCESSOR_DEFINITIONS = (
					"DEBUG=1",
					"$(inherited)",
				);
				GCC_WARN_64_TO_32_BIT_CONVERSION = YES;
				GCC_WARN_ABOUT_RETURN_TYPE = YES_ERROR;
				GCC_WARN_UNDECLARED_SELECTOR = YES;
				GCC_WARN_UNINITIALIZED_AUTOS = YES_AGGRESSIVE;
				GCC_WARN_UNUSED_FUNCTION = YES;
				GCC_WARN_UNUSED_VARIABLE = YES;
				IPHONEOS_DEPLOYMENT_TARGET = 17.4;
				LOCALIZATION_PREFERS_STRING_CATALOGS = YES;
				MTL_ENABLE_DEBUG_INFO = INCLUDE_SOURCE;
				MTL_FAST_MATH = YES;
				ONLY_ACTIVE_ARCH = YES;
				SDKROOT = iphoneos;
				SWIFT_ACTIVE_COMPILATION_CONDITIONS = "DEBUG $(inherited)";
				SWIFT_OPTIMIZATION_LEVEL = "-Onone";
			};
			name = Debug;
		};
		BF5AD9732BF539B8002E37F8 /* Release */ = {
			isa = XCBuildConfiguration;
			buildSettings = {
				ALWAYS_SEARCH_USER_PATHS = NO;
				ASSETCATALOG_COMPILER_GENERATE_SWIFT_ASSET_SYMBOL_EXTENSIONS = YES;
				CLANG_ANALYZER_NONNULL = YES;
				CLANG_ANALYZER_NUMBER_OBJECT_CONVERSION = YES_AGGRESSIVE;
				CLANG_CXX_LANGUAGE_STANDARD = "gnu++20";
				CLANG_ENABLE_MODULES = YES;
				CLANG_ENABLE_OBJC_ARC = YES;
				CLANG_ENABLE_OBJC_WEAK = YES;
				CLANG_WARN_BLOCK_CAPTURE_AUTORELEASING = YES;
				CLANG_WARN_BOOL_CONVERSION = YES;
				CLANG_WARN_COMMA = YES;
				CLANG_WARN_CONSTANT_CONVERSION = YES;
				CLANG_WARN_DEPRECATED_OBJC_IMPLEMENTATIONS = YES;
				CLANG_WARN_DIRECT_OBJC_ISA_USAGE = YES_ERROR;
				CLANG_WARN_DOCUMENTATION_COMMENTS = YES;
				CLANG_WARN_EMPTY_BODY = YES;
				CLANG_WARN_ENUM_CONVERSION = YES;
				CLANG_WARN_INFINITE_RECURSION = YES;
				CLANG_WARN_INT_CONVERSION = YES;
				CLANG_WARN_NON_LITERAL_NULL_CONVERSION = YES;
				CLANG_WARN_OBJC_IMPLICIT_RETAIN_SELF = YES;
				CLANG_WARN_OBJC_LITERAL_CONVERSION = YES;
				CLANG_WARN_OBJC_ROOT_CLASS = YES_ERROR;
				CLANG_WARN_QUOTED_INCLUDE_IN_FRAMEWORK_HEADER = YES;
				CLANG_WARN_RANGE_LOOP_ANALYSIS = YES;
				CLANG_WARN_STRICT_PROTOTYPES = YES;
				CLANG_WARN_SUSPICIOUS_MOVE = YES;
				CLANG_WARN_UNGUARDED_AVAILABILITY = YES_AGGRESSIVE;
				CLANG_WARN_UNREACHABLE_CODE = YES;
				CLANG_WARN__DUPLICATE_METHOD_MATCH = YES;
				COPY_PHASE_STRIP = NO;
				DEBUG_INFORMATION_FORMAT = "dwarf-with-dsym";
				ENABLE_NS_ASSERTIONS = NO;
				ENABLE_STRICT_OBJC_MSGSEND = YES;
				ENABLE_USER_SCRIPT_SANDBOXING = YES;
				GCC_C_LANGUAGE_STANDARD = gnu17;
				GCC_NO_COMMON_BLOCKS = YES;
				GCC_WARN_64_TO_32_BIT_CONVERSION = YES;
				GCC_WARN_ABOUT_RETURN_TYPE = YES_ERROR;
				GCC_WARN_UNDECLARED_SELECTOR = YES;
				GCC_WARN_UNINITIALIZED_AUTOS = YES_AGGRESSIVE;
				GCC_WARN_UNUSED_FUNCTION = YES;
				GCC_WARN_UNUSED_VARIABLE = YES;
				IPHONEOS_DEPLOYMENT_TARGET = 17.4;
				LOCALIZATION_PREFERS_STRING_CATALOGS = YES;
				MTL_ENABLE_DEBUG_INFO = NO;
				MTL_FAST_MATH = YES;
				SDKROOT = iphoneos;
				SWIFT_COMPILATION_MODE = wholemodule;
				VALIDATE_PRODUCT = YES;
			};
			name = Release;
		};
		BF5AD9752BF539B8002E37F8 /* Debug */ = {
			isa = XCBuildConfiguration;
			buildSettings = {
				ASSETCATALOG_COMPILER_APPICON_NAME = AppIcon;
				ASSETCATALOG_COMPILER_GLOBAL_ACCENT_COLOR_NAME = AccentColor;
				CODE_SIGN_STYLE = Automatic;
				CURRENT_PROJECT_VERSION = 1;
				GENERATE_INFOPLIST_FILE = YES;
				INFOPLIST_FILE = AirCafe/Info.plist;
				INFOPLIST_KEY_UIApplicationSupportsIndirectInputEvents = YES;
				INFOPLIST_KEY_UILaunchStoryboardName = LaunchScreen;
				INFOPLIST_KEY_UIMainStoryboardFile = Main;
				INFOPLIST_KEY_UISupportedInterfaceOrientations_iPad = "UIInterfaceOrientationPortrait UIInterfaceOrientationPortraitUpsideDown UIInterfaceOrientationLandscapeLeft UIInterfaceOrientationLandscapeRight";
				INFOPLIST_KEY_UISupportedInterfaceOrientations_iPhone = "UIInterfaceOrientationPortrait UIInterfaceOrientationLandscapeLeft UIInterfaceOrientationLandscapeRight";
				LD_RUNPATH_SEARCH_PATHS = (
					"$(inherited)",
					"@executable_path/Frameworks",
				);
				MARKETING_VERSION = 1.0;
				PRODUCT_BUNDLE_IDENTIFIER = com.rakhymzhan.AirCafe;
				PRODUCT_NAME = "$(TARGET_NAME)";
				SWIFT_EMIT_LOC_STRINGS = YES;
				SWIFT_VERSION = 5.0;
				TARGETED_DEVICE_FAMILY = "1,2";
			};
			name = Debug;
		};
		BF5AD9762BF539B8002E37F8 /* Release */ = {
			isa = XCBuildConfiguration;
			buildSettings = {
				ASSETCATALOG_COMPILER_APPICON_NAME = AppIcon;
				ASSETCATALOG_COMPILER_GLOBAL_ACCENT_COLOR_NAME = AccentColor;
				CODE_SIGN_STYLE = Automatic;
				CURRENT_PROJECT_VERSION = 1;
				GENERATE_INFOPLIST_FILE = YES;
				INFOPLIST_FILE = AirCafe/Info.plist;
				INFOPLIST_KEY_UIApplicationSupportsIndirectInputEvents = YES;
				INFOPLIST_KEY_UILaunchStoryboardName = LaunchScreen;
				INFOPLIST_KEY_UIMainStoryboardFile = Main;
				INFOPLIST_KEY_UISupportedInterfaceOrientations_iPad = "UIInterfaceOrientationPortrait UIInterfaceOrientationPortraitUpsideDown UIInterfaceOrientationLandscapeLeft UIInterfaceOrientationLandscapeRight";
				INFOPLIST_KEY_UISupportedInterfaceOrientations_iPhone = "UIInterfaceOrientationPortrait UIInterfaceOrientationLandscapeLeft UIInterfaceOrientationLandscapeRight";
				LD_RUNPATH_SEARCH_PATHS = (
					"$(inherited)",
					"@executable_path/Frameworks",
				);
				MARKETING_VERSION = 1.0;
				PRODUCT_BUNDLE_IDENTIFIER = com.rakhymzhan.AirCafe;
				PRODUCT_NAME = "$(TARGET_NAME)";
				SWIFT_EMIT_LOC_STRINGS = YES;
				SWIFT_VERSION = 5.0;
				TARGETED_DEVICE_FAMILY = "1,2";
			};
			name = Release;
		};
/* End XCBuildConfiguration section */

/* Begin XCConfigurationList section */
		BF5AD95B2BF539B5002E37F8 /* Build configuration list for PBXProject "AirCafe" */ = {
			isa = XCConfigurationList;
			buildConfigurations = (
				BF5AD9722BF539B8002E37F8 /* Debug */,
				BF5AD9732BF539B8002E37F8 /* Release */,
			);
			defaultConfigurationIsVisible = 0;
			defaultConfigurationName = Release;
		};
		BF5AD9742BF539B8002E37F8 /* Build configuration list for PBXNativeTarget "AirCafe" */ = {
			isa = XCConfigurationList;
			buildConfigurations = (
				BF5AD9752BF539B8002E37F8 /* Debug */,
				BF5AD9762BF539B8002E37F8 /* Release */,
			);
			defaultConfigurationIsVisible = 0;
			defaultConfigurationName = Release;
		};
/* End XCConfigurationList section */

/* Begin XCRemoteSwiftPackageReference section */
		BFED4E932BFD21CC008D8CCF /* XCRemoteSwiftPackageReference "ios-places-sdk" */ = {
			isa = XCRemoteSwiftPackageReference;
			repositoryURL = "https://github.com/googlemaps/ios-places-sdk";
			requirement = {
				kind = upToNextMajorVersion;
				minimumVersion = 8.5.0;
			};
		};
/* End XCRemoteSwiftPackageReference section */

/* Begin XCSwiftPackageProductDependency section */
		BFED4E942BFD21CC008D8CCF /* GooglePlaces */ = {
			isa = XCSwiftPackageProductDependency;
			package = BFED4E932BFD21CC008D8CCF /* XCRemoteSwiftPackageReference "ios-places-sdk" */;
			productName = GooglePlaces;
		};
/* End XCSwiftPackageProductDependency section */
	};
	rootObject = BF5AD9582BF539B5002E37F8 /* Project object */;
}
